
Microsoft Visual Studio Solution File, Format Version 12.00
Project("{FAE04EC0-301F-11D3-BF4B-00C04F79EFBC}") = "SourceGenerators", "SourceGenerators\SourceGenerators.csproj", "{F6FE42B7-1CDB-4F1B-9133-DC7C1045B15B}"
EndProject
Project("{FAE04EC0-301F-11D3-BF4B-00C04F79EFBC}") = "SourceGenerators.Attributes", "SourceGenerators.Attributes\SourceGenerators.Attributes.csproj", "{575D01DD-A749-4E98-A40D-51417819BBE9}"
EndProject
Global
	GlobalSection(SolutionConfigurationPlatforms) = preSolution
		Debug|Any CPU = Debug|Any CPU
		Release|Any CPU = Release|Any CPU
	EndGlobalSection
	GlobalSection(ProjectConfigurationPlatforms) = postSolution
		{F6FE42B7-1CDB-4F1B-9133-DC7C1045B15B}.Debug|Any CPU.ActiveCfg = Debug|Any CPU
		{F6FE42B7-1CDB-4F1B-9133-DC7C1045B15B}.Debug|Any CPU.Build.0 = Debug|Any CPU
		{F6FE42B7-1CDB-4F1B-9133-DC7C1045B15B}.Release|Any CPU.ActiveCfg = Release|Any CPU
		{F6FE42B7-1CDB-4F1B-9133-DC7C1045B15B}.Release|Any CPU.Build.0 = Release|Any CPU
		{575D01DD-A749-4E98-A40D-51417819BBE9}.Debug|Any CPU.ActiveCfg = Debug|Any CPU
		{575D01DD-A749-4E98-A40D-51417819BBE9}.Debug|Any CPU.Build.0 = Debug|Any CPU
		{575D01DD-A749-4E98-A40D-51417819BBE9}.Release|Any CPU.ActiveCfg = Release|Any CPU
		{575D01DD-A749-4E98-A40D-51417819BBE9}.Release|Any CPU.Build.0 = Release|Any CPU
	EndGlobalSection
EndGlobal
