
Microsoft Visual Studio Solution File, Format Version 12.00
# Visual Studio Version 17
VisualStudioVersion = 17.3.32901.215
MinimumVisualStudioVersion = 10.0.40219.1
Project("{FAE04EC0-301F-11D3-BF4B-00C04F79EFBC}") = "BancaDelTempo.Model", "BancaDelTempo.Model\BancaDelTempo.Model.csproj", "{466DFA6D-B8AA-4C58-9E22-CB48E2C09DB7}"
EndProject
Project("{FAE04EC0-301F-11D3-BF4B-00C04F79EFBC}") = "BancaDelTempo.Controller", "BancaDelTempo.Controller\BancaDelTempo.Controller.csproj", "{A6C8BF8E-9689-4877-B7A7-ADF47663EBA6}"
EndProject
Project("{FAE04EC0-301F-11D3-BF4B-00C04F79EFBC}") = "BancaDelTempo.Client", "BancaDelTempo.Client\BancaDelTempo.Client.csproj", "{2CFA36AE-F8B0-4386-AE1E-29215606E8B2}"
EndProject
Project("{FAE04EC0-301F-11D3-BF4B-00C04F79EFBC}") = "BancaDelTempo.Api", "BancaDelTempo.Api\BancaDelTempo.Api.csproj", "{65EA347F-419A-4AF7-AA9A-60C29F33CEEB}"
EndProject
Global
	GlobalSection(SolutionConfigurationPlatforms) = preSolution
		Debug|Any CPU = Debug|Any CPU
		Release|Any CPU = Release|Any CPU
	EndGlobalSection
	GlobalSection(ProjectConfigurationPlatforms) = postSolution
		{466DFA6D-B8AA-4C58-9E22-CB48E2C09DB7}.Debug|Any CPU.ActiveCfg = Debug|Any CPU
		{466DFA6D-B8AA-4C58-9E22-CB48E2C09DB7}.Debug|Any CPU.Build.0 = Debug|Any CPU
		{466DFA6D-B8AA-4C58-9E22-CB48E2C09DB7}.Release|Any CPU.ActiveCfg = Release|Any CPU
		{466DFA6D-B8AA-4C58-9E22-CB48E2C09DB7}.Release|Any CPU.Build.0 = Release|Any CPU
		{A6C8BF8E-9689-4877-B7A7-ADF47663EBA6}.Debug|Any CPU.ActiveCfg = Debug|Any CPU
		{A6C8BF8E-9689-4877-B7A7-ADF47663EBA6}.Debug|Any CPU.Build.0 = Debug|Any CPU
		{A6C8BF8E-9689-4877-B7A7-ADF47663EBA6}.Release|Any CPU.ActiveCfg = Release|Any CPU
		{A6C8BF8E-9689-4877-B7A7-ADF47663EBA6}.Release|Any CPU.Build.0 = Release|Any CPU
		{2CFA36AE-F8B0-4386-AE1E-29215606E8B2}.Debug|Any CPU.ActiveCfg = Debug|Any CPU
		{2CFA36AE-F8B0-4386-AE1E-29215606E8B2}.Debug|Any CPU.Build.0 = Debug|Any CPU
		{2CFA36AE-F8B0-4386-AE1E-29215606E8B2}.Release|Any CPU.ActiveCfg = Release|Any CPU
		{2CFA36AE-F8B0-4386-AE1E-29215606E8B2}.Release|Any CPU.Build.0 = Release|Any CPU
		{65EA347F-419A-4AF7-AA9A-60C29F33CEEB}.Debug|Any CPU.ActiveCfg = Debug|Any CPU
		{65EA347F-419A-4AF7-AA9A-60C29F33CEEB}.Debug|Any CPU.Build.0 = Debug|Any CPU
		{65EA347F-419A-4AF7-AA9A-60C29F33CEEB}.Release|Any CPU.ActiveCfg = Release|Any CPU
		{65EA347F-419A-4AF7-AA9A-60C29F33CEEB}.Release|Any CPU.Build.0 = Release|Any CPU
	EndGlobalSection
	GlobalSection(SolutionProperties) = preSolution
		HideSolutionNode = FALSE
	EndGlobalSection
	GlobalSection(ExtensibilityGlobals) = postSolution
		SolutionGuid = {F30D9791-8455-4A46-B248-01392D410375}
	EndGlobalSection
EndGlobal
