
Microsoft Visual Studio Solution File, Format Version 12.00
# Visual Studio Version 17
VisualStudioVersion = 17.3.32901.215
MinimumVisualStudioVersion = 10.0.40219.1
Project("{FAE04EC0-301F-11D3-BF4B-00C04F79EFBC}") = "BancaDelTempo", "BancaDelTempo\BancaDelTempo.csproj", "{2EECA827-1DE4-4856-BBD5-E2C70A3C0401}"
EndProject
Global
	GlobalSection(SolutionConfigurationPlatforms) = preSolution
		Debug|Any CPU = Debug|Any CPU
		Release|Any CPU = Release|Any CPU
	EndGlobalSection
	GlobalSection(ProjectConfigurationPlatforms) = postSolution
		{2EECA827-1DE4-4856-BBD5-E2C70A3C0401}.Debug|Any CPU.ActiveCfg = Debug|Any CPU
		{2EECA827-1DE4-4856-BBD5-E2C70A3C0401}.Debug|Any CPU.Build.0 = Debug|Any CPU
		{2EECA827-1DE4-4856-BBD5-E2C70A3C0401}.Release|Any CPU.ActiveCfg = Release|Any CPU
		{2EECA827-1DE4-4856-BBD5-E2C70A3C0401}.Release|Any CPU.Build.0 = Release|Any CPU
	EndGlobalSection
	GlobalSection(SolutionProperties) = preSolution
		HideSolutionNode = FALSE
	EndGlobalSection
	GlobalSection(ExtensibilityGlobals) = postSolution
		SolutionGuid = {94565A86-C0DD-4692-AC66-6035DBD9534A}
	EndGlobalSection
EndGlobal
